// !$*UTF8*$!
{
	archiveVersion = 1;
	classes = {
	};
	objectVersion = 50;
	objects = {

/* Begin PBXBuildFile section */
		4C74BC1A210FFBBB00BD73A4 /* AppDelegate.m in Sources */ = {isa = PBXBuildFile; fileRef = 4C74BC19210FFBBB00BD73A4 /* AppDelegate.m */; };
		4C74BC22210FFBBD00BD73A4 /* Assets.xcassets in Resources */ = {isa = PBXBuildFile; fileRef = 4C74BC21210FFBBD00BD73A4 /* Assets.xcassets */; };
		4C74BC25210FFBBD00BD73A4 /* LaunchScreen.storyboard in Resources */ = {isa = PBXBuildFile; fileRef = 4C74BC23210FFBBD00BD73A4 /* LaunchScreen.storyboard */; };
		4C74BC28210FFBBD00BD73A4 /* main.m in Sources */ = {isa = PBXBuildFile; fileRef = 4C74BC27210FFBBD00BD73A4 /* main.m */; };
		4C74BC32210FFBBD00BD73A4 /* AudioLooperDemoTests.m in Sources */ = {isa = PBXBuildFile; fileRef = 4C74BC31210FFBBD00BD73A4 /* AudioLooperDemoTests.m */; };
		4C74BC3D210FFBBD00BD73A4 /* AudioLooperDemoUITests.m in Sources */ = {isa = PBXBuildFile; fileRef = 4C74BC3C210FFBBD00BD73A4 /* AudioLooperDemoUITests.m */; };
		4C74BC4C210FFBF800BD73A4 /* TYAudioLooperViewController.m in Sources */ = {isa = PBXBuildFile; fileRef = 4C74BC4B210FFBF800BD73A4 /* TYAudioLooperViewController.m */; };
		4C74BC4F2110348100BD73A4 /* TYPlayer.m in Sources */ = {isa = PBXBuildFile; fileRef = 4C74BC4E2110348100BD73A4 /* TYPlayer.m */; };
		4C74BC51211039CC00BD73A4 /* guitar.mp3 in Resources */ = {isa = PBXBuildFile; fileRef = 4C74BC50211039CC00BD73A4 /* guitar.mp3 */; };
		4C74BC53211039D300BD73A4 /* drum.mp3 in Resources */ = {isa = PBXBuildFile; fileRef = 4C74BC52211039D300BD73A4 /* drum.mp3 */; };
		4C74BC55211039DB00BD73A4 /* bass.mp3 in Resources */ = {isa = PBXBuildFile; fileRef = 4C74BC54211039DB00BD73A4 /* bass.mp3 */; };
/* End PBXBuildFile section */

/* Begin PBXContainerItemProxy section */
		4C74BC2E210FFBBD00BD73A4 /* PBXContainerItemProxy */ = {
			isa = PBXContainerItemProxy;
			containerPortal = 4C74BC0D210FFBBB00BD73A4 /* Project object */;
			proxyType = 1;
			remoteGlobalIDString = 4C74BC14210FFBBB00BD73A4;
			remoteInfo = AudioLooperDemo;
		};
		4C74BC39210FFBBD00BD73A4 /* PBXContainerItemProxy */ = {
			isa = PBXContainerItemProxy;
			containerPortal = 4C74BC0D210FFBBB00BD73A4 /* Project object */;
			proxyType = 1;
			remoteGlobalIDString = 4C74BC14210FFBBB00BD73A4;
			remoteInfo = AudioLooperDemo;
		};
/* End PBXContainerItemProxy section */

/* Begin PBXFileReference section */
		4C74BC15210FFBBB00BD73A4 /* AudioLooperDemo.app */ = {isa = PBXFileReference; explicitFileType = wrapper.application; includeInIndex = 0; path = AudioLooperDemo.app; sourceTree = BUILT_PRODUCTS_DIR; };
		4C74BC18210FFBBB00BD73A4 /* AppDelegate.h */ = {isa = PBXFileReference; lastKnownFileType = sourcecode.c.h; path = AppDelegate.h; sourceTree = "<group>"; };
		4C74BC19210FFBBB00BD73A4 /* AppDelegate.m */ = {isa = PBXFileReference; lastKnownFileType = sourcecode.c.objc; path = AppDelegate.m; sourceTree = "<group>"; };
		4C74BC21210FFBBD00BD73A4 /* Assets.xcassets */ = {isa = PBXFileReference; lastKnownFileType = folder.assetcatalog; path = Assets.xcassets; sourceTree = "<group>"; };
		4C74BC24210FFBBD00BD73A4 /* Base */ = {isa = PBXFileReference; lastKnownFileType = file.storyboard; name = Base; path = Base.lproj/LaunchScreen.storyboard; sourceTree = "<group>"; };
		4C74BC26210FFBBD00BD73A4 /* Info.plist */ = {isa = PBXFileReference; lastKnownFileType = text.plist.xml; path = Info.plist; sourceTree = "<group>"; };
		4C74BC27210FFBBD00BD73A4 /* main.m */ = {isa = PBXFileReference; lastKnownFileType = sourcecode.c.objc; path = main.m; sourceTree = "<group>"; };
		4C74BC2D210FFBBD00BD73A4 /* AudioLooperDemoTests.xctest */ = {isa = PBXFileReference; explicitFileType = wrapper.cfbundle; includeInIndex = 0; path = AudioLooperDemoTests.xctest; sourceTree = BUILT_PRODUCTS_DIR; };
		4C74BC31210FFBBD00BD73A4 /* AudioLooperDemoTests.m */ = {isa = PBXFileReference; lastKnownFileType = sourcecode.c.objc; path = AudioLooperDemoTests.m; sourceTree = "<group>"; };
		4C74BC33210FFBBD00BD73A4 /* Info.plist */ = {isa = PBXFileReference; lastKnownFileType = text.plist.xml; path = Info.plist; sourceTree = "<group>"; };
		4C74BC38210FFBBD00BD73A4 /* AudioLooperDemoUITests.xctest */ = {isa = PBXFileReference; explicitFileType = wrapper.cfbundle; includeInIndex = 0; path = AudioLooperDemoUITests.xctest; sourceTree = BUILT_PRODUCTS_DIR; };
		4C74BC3C210FFBBD00BD73A4 /* AudioLooperDemoUITests.m */ = {isa = PBXFileReference; lastKnownFileType = sourcecode.c.objc; path = AudioLooperDemoUITests.m; sourceTree = "<group>"; };
		4C74BC3E210FFBBD00BD73A4 /* Info.plist */ = {isa = PBXFileReference; lastKnownFileType = text.plist.xml; path = Info.plist; sourceTree = "<group>"; };
		4C74BC4A210FFBF800BD73A4 /* TYAudioLooperViewController.h */ = {isa = PBXFileReference; lastKnownFileType = sourcecode.c.h; path = TYAudioLooperViewController.h; sourceTree = "<group>"; };
		4C74BC4B210FFBF800BD73A4 /* TYAudioLooperViewController.m */ = {isa = PBXFileReference; lastKnownFileType = sourcecode.c.objc; path = TYAudioLooperViewController.m; sourceTree = "<group>"; };
		4C74BC4D2110348100BD73A4 /* TYPlayer.h */ = {isa = PBXFileReference; lastKnownFileType = sourcecode.c.h; path = TYPlayer.h; sourceTree = "<group>"; };
		4C74BC4E2110348100BD73A4 /* TYPlayer.m */ = {isa = PBXFileReference; lastKnownFileType = sourcecode.c.objc; path = TYPlayer.m; sourceTree = "<group>"; };
		4C74BC50211039CC00BD73A4 /* guitar.mp3 */ = {isa = PBXFileReference; lastKnownFileType = audio.mp3; path = guitar.mp3; sourceTree = "<group>"; };
		4C74BC52211039D300BD73A4 /* drum.mp3 */ = {isa = PBXFileReference; lastKnownFileType = audio.mp3; path = drum.mp3; sourceTree = "<group>"; };
		4C74BC54211039DB00BD73A4 /* bass.mp3 */ = {isa = PBXFileReference; lastKnownFileType = audio.mp3; path = bass.mp3; sourceTree = "<group>"; };
/* End PBXFileReference section */

/* Begin PBXFrameworksBuildPhase section */
		4C74BC12210FFBBB00BD73A4 /* Frameworks */ = {
			isa = PBXFrameworksBuildPhase;
			buildActionMask = 2147483647;
			files = (
			);
			runOnlyForDeploymentPostprocessing = 0;
		};
		4C74BC2A210FFBBD00BD73A4 /* Frameworks */ = {
			isa = PBXFrameworksBuildPhase;
			buildActionMask = 2147483647;
			files = (
			);
			runOnlyForDeploymentPostprocessing = 0;
		};
		4C74BC35210FFBBD00BD73A4 /* Frameworks */ = {
			isa = PBXFrameworksBuildPhase;
			buildActionMask = 2147483647;
			files = (
			);
			runOnlyForDeploymentPostprocessing = 0;
		};
/* End PBXFrameworksBuildPhase section */

/* Begin PBXGroup section */
		4C74BC0C210FFBBB00BD73A4 = {
			isa = PBXGroup;
			children = (
				4C74BC17210FFBBB00BD73A4 /* AudioLooperDemo */,
				4C74BC30210FFBBD00BD73A4 /* AudioLooperDemoTests */,
				4C74BC3B210FFBBD00BD73A4 /* AudioLooperDemoUITests */,
				4C74BC16210FFBBB00BD73A4 /* Products */,
			);
			sourceTree = "<group>";
		};
		4C74BC16210FFBBB00BD73A4 /* Products */ = {
			isa = PBXGroup;
			children = (
				4C74BC15210FFBBB00BD73A4 /* AudioLooperDemo.app */,
				4C74BC2D210FFBBD00BD73A4 /* AudioLooperDemoTests.xctest */,
				4C74BC38210FFBBD00BD73A4 /* AudioLooperDemoUITests.xctest */,
			);
			name = Products;
			sourceTree = "<group>";
		};
		4C74BC17210FFBBB00BD73A4 /* AudioLooperDemo */ = {
			isa = PBXGroup;
			children = (
				4C74BC50211039CC00BD73A4 /* guitar.mp3 */,
				4C74BC52211039D300BD73A4 /* drum.mp3 */,
				4C74BC54211039DB00BD73A4 /* bass.mp3 */,
				4C74BC18210FFBBB00BD73A4 /* AppDelegate.h */,
				4C74BC19210FFBBB00BD73A4 /* AppDelegate.m */,
				4C74BC4A210FFBF800BD73A4 /* TYAudioLooperViewController.h */,
				4C74BC4B210FFBF800BD73A4 /* TYAudioLooperViewController.m */,
				4C74BC4D2110348100BD73A4 /* TYPlayer.h */,
				4C74BC4E2110348100BD73A4 /* TYPlayer.m */,
				4C74BC21210FFBBD00BD73A4 /* Assets.xcassets */,
				4C74BC23210FFBBD00BD73A4 /* LaunchScreen.storyboard */,
				4C74BC26210FFBBD00BD73A4 /* Info.plist */,
				4C74BC27210FFBBD00BD73A4 /* main.m */,
			);
			path = AudioLooperDemo;
			sourceTree = "<group>";
		};
		4C74BC30210FFBBD00BD73A4 /* AudioLooperDemoTests */ = {
			isa = PBXGroup;
			children = (
				4C74BC31210FFBBD00BD73A4 /* AudioLooperDemoTests.m */,
				4C74BC33210FFBBD00BD73A4 /* Info.plist */,
			);
			path = AudioLooperDemoTests;
			sourceTree = "<group>";
		};
		4C74BC3B210FFBBD00BD73A4 /* AudioLooperDemoUITests */ = {
			isa = PBXGroup;
			children = (
				4C74BC3C210FFBBD00BD73A4 /* AudioLooperDemoUITests.m */,
				4C74BC3E210FFBBD00BD73A4 /* Info.plist */,
			);
			path = AudioLooperDemoUITests;
			sourceTree = "<group>";
		};
/* End PBXGroup section */

/* Begin PBXNativeTarget section */
		4C74BC14210FFBBB00BD73A4 /* AudioLooperDemo */ = {
			isa = PBXNativeTarget;
			buildConfigurationList = 4C74BC41210FFBBD00BD73A4 /* Build configuration list for PBXNativeTarget "AudioLooperDemo" */;
			buildPhases = (
				4C74BC11210FFBBB00BD73A4 /* Sources */,
				4C74BC12210FFBBB00BD73A4 /* Frameworks */,
				4C74BC13210FFBBB00BD73A4 /* Resources */,
			);
			buildRules = (
			);
			dependencies = (
			);
			name = AudioLooperDemo;
			productName = AudioLooperDemo;
			productReference = 4C74BC15210FFBBB00BD73A4 /* AudioLooperDemo.app */;
			productType = "com.apple.product-type.application";
		};
		4C74BC2C210FFBBD00BD73A4 /* AudioLooperDemoTests */ = {
			isa = PBXNativeTarget;
			buildConfigurationList = 4C74BC44210FFBBD00BD73A4 /* Build configuration list for PBXNativeTarget "AudioLooperDemoTests" */;
			buildPhases = (
				4C74BC29210FFBBD00BD73A4 /* Sources */,
				4C74BC2A210FFBBD00BD73A4 /* Frameworks */,
				4C74BC2B210FFBBD00BD73A4 /* Resources */,
			);
			buildRules = (
			);
			dependencies = (
				4C74BC2F210FFBBD00BD73A4 /* PBXTargetDependency */,
			);
			name = AudioLooperDemoTests;
			productName = AudioLooperDemoTests;
			productReference = 4C74BC2D210FFBBD00BD73A4 /* AudioLooperDemoTests.xctest */;
			productType = "com.apple.product-type.bundle.unit-test";
		};
		4C74BC37210FFBBD00BD73A4 /* AudioLooperDemoUITests */ = {
			isa = PBXNativeTarget;
			buildConfigurationList = 4C74BC47210FFBBD00BD73A4 /* Build configuration list for PBXNativeTarget "AudioLooperDemoUITests" */;
			buildPhases = (
				4C74BC34210FFBBD00BD73A4 /* Sources */,
				4C74BC35210FFBBD00BD73A4 /* Frameworks */,
				4C74BC36210FFBBD00BD73A4 /* Resources */,
			);
			buildRules = (
			);
			dependencies = (
				4C74BC3A210FFBBD00BD73A4 /* PBXTargetDependency */,
			);
			name = AudioLooperDemoUITests;
			productName = AudioLooperDemoUITests;
			productReference = 4C74BC38210FFBBD00BD73A4 /* AudioLooperDemoUITests.xctest */;
			productType = "com.apple.product-type.bundle.ui-testing";
		};
/* End PBXNativeTarget section */

/* Begin PBXProject section */
		4C74BC0D210FFBBB00BD73A4 /* Project object */ = {
			isa = PBXProject;
			attributes = {
				LastUpgradeCheck = 0940;
				ORGANIZATIONNAME = kangarootec;
				TargetAttributes = {
					4C74BC14210FFBBB00BD73A4 = {
						CreatedOnToolsVersion = 9.4;
					};
					4C74BC2C210FFBBD00BD73A4 = {
						CreatedOnToolsVersion = 9.4;
						TestTargetID = 4C74BC14210FFBBB00BD73A4;
					};
					4C74BC37210FFBBD00BD73A4 = {
						CreatedOnToolsVersion = 9.4;
						TestTargetID = 4C74BC14210FFBBB00BD73A4;
					};
				};
			};
			buildConfigurationList = 4C74BC10210FFBBB00BD73A4 /* Build configuration list for PBXProject "AudioLooperDemo" */;
			compatibilityVersion = "Xcode 9.3";
			developmentRegion = en;
			hasScannedForEncodings = 0;
			knownRegions = (
				en,
				Base,
			);
			mainGroup = 4C74BC0C210FFBBB00BD73A4;
			productRefGroup = 4C74BC16210FFBBB00BD73A4 /* Products */;
			projectDirPath = "";
			projectRoot = "";
			targets = (
				4C74BC14210FFBBB00BD73A4 /* AudioLooperDemo */,
				4C74BC2C210FFBBD00BD73A4 /* AudioLooperDemoTests */,
				4C74BC37210FFBBD00BD73A4 /* AudioLooperDemoUITests */,
			);
		};
/* End PBXProject section */

/* Begin PBXResourcesBuildPhase section */
		4C74BC13210FFBBB00BD73A4 /* Resources */ = {
			isa = PBXResourcesBuildPhase;
			buildActionMask = 2147483647;
			files = (
				4C74BC25210FFBBD00BD73A4 /* LaunchScreen.storyboard in Resources */,
				4C74BC55211039DB00BD73A4 /* bass.mp3 in Resources */,
				4C74BC22210FFBBD00BD73A4 /* Assets.xcassets in Resources */,
				4C74BC53211039D300BD73A4 /* drum.mp3 in Resources */,
				4C74BC51211039CC00BD73A4 /* guitar.mp3 in Resources */,
			);
			runOnlyForDeploymentPostprocessing = 0;
		};
		4C74BC2B210FFBBD00BD73A4 /* Resources */ = {
			isa = PBXResourcesBuildPhase;
			buildActionMask = 2147483647;
			files = (
			);
			runOnlyForDeploymentPostprocessing = 0;
		};
		4C74BC36210FFBBD00BD73A4 /* Resources */ = {
			isa = PBXResourcesBuildPhase;
			buildActionMask = 2147483647;
			files = (
			);
			runOnlyForDeploymentPostprocessing = 0;
		};
/* End PBXResourcesBuildPhase section */

/* Begin PBXSourcesBuildPhase section */
		4C74BC11210FFBBB00BD73A4 /* Sources */ = {
			isa = PBXSourcesBuildPhase;
			buildActionMask = 2147483647;
			files = (
				4C74BC28210FFBBD00BD73A4 /* main.m in Sources */,
				4C74BC1A210FFBBB00BD73A4 /* AppDelegate.m in Sources */,
				4C74BC4C210FFBF800BD73A4 /* TYAudioLooperViewController.m in Sources */,
				4C74BC4F2110348100BD73A4 /* TYPlayer.m in Sources */,
			);
			runOnlyForDeploymentPostprocessing = 0;
		};
		4C74BC29210FFBBD00BD73A4 /* Sources */ = {
			isa = PBXSourcesBuildPhase;
			buildActionMask = 2147483647;
			files = (
				4C74BC32210FFBBD00BD73A4 /* AudioLooperDemoTests.m in Sources */,
			);
			runOnlyForDeploymentPostprocessing = 0;
		};
		4C74BC34210FFBBD00BD73A4 /* Sources */ = {
			isa = PBXSourcesBuildPhase;
			buildActionMask = 2147483647;
			files = (
				4C74BC3D210FFBBD00BD73A4 /* AudioLooperDemoUITests.m in Sources */,
			);
			runOnlyForDeploymentPostprocessing = 0;
		};
/* End PBXSourcesBuildPhase section */

/* Begin PBXTargetDependency section */
		4C74BC2F210FFBBD00BD73A4 /* PBXTargetDependency */ = {
			isa = PBXTargetDependency;
			target = 4C74BC14210FFBBB00BD73A4 /* AudioLooperDemo */;
			targetProxy = 4C74BC2E210FFBBD00BD73A4 /* PBXContainerItemProxy */;
		};
		4C74BC3A210FFBBD00BD73A4 /* PBXTargetDependency */ = {
			isa = PBXTargetDependency;
			target = 4C74BC14210FFBBB00BD73A4 /* AudioLooperDemo */;
			targetProxy = 4C74BC39210FFBBD00BD73A4 /* PBXContainerItemProxy */;
		};
/* End PBXTargetDependency section */

/* Begin PBXVariantGroup section */
		4C74BC23210FFBBD00BD73A4 /* LaunchScreen.storyboard */ = {
			isa = PBXVariantGroup;
			children = (
				4C74BC24210FFBBD00BD73A4 /* Base */,
			);
			name = LaunchScreen.storyboard;
			sourceTree = "<group>";
		};
/* End PBXVariantGroup section */

/* Begin XCBuildConfiguration section */
		4C74BC3F210FFBBD00BD73A4 /* Debug */ = {
			isa = XCBuildConfiguration;
			buildSettings = {
				ALWAYS_SEARCH_USER_PATHS = NO;
				CLANG_ANALYZER_NONNULL = YES;
				CLANG_ANALYZER_NUMBER_OBJECT_CONVERSION = YES_AGGRESSIVE;
				CLANG_CXX_LANGUAGE_STANDARD = "gnu++14";
				CLANG_CXX_LIBRARY = "libc++";
				CLANG_ENABLE_MODULES = YES;
				CLANG_ENABLE_OBJC_ARC = YES;
				CLANG_ENABLE_OBJC_WEAK = YES;
				CLANG_WARN_BLOCK_CAPTURE_AUTORELEASING = YES;
				CLANG_WARN_BOOL_CONVERSION = YES;
				CLANG_WARN_COMMA = YES;
				CLANG_WARN_CONSTANT_CONVERSION = YES;
				CLANG_WARN_DEPRECATED_OBJC_IMPLEMENTATIONS = YES;
				CLANG_WARN_DIRECT_OBJC_ISA_USAGE = YES_ERROR;
				CLANG_WARN_DOCUMENTATION_COMMENTS = YES;
				CLANG_WARN_EMPTY_BODY = YES;
				CLANG_WARN_ENUM_CONVERSION = YES;
				CLANG_WARN_INFINITE_RECURSION = YES;
				CLANG_WARN_INT_CONVERSION = YES;
				CLANG_WARN_NON_LITERAL_NULL_CONVERSION = YES;
				CLANG_WARN_OBJC_IMPLICIT_RETAIN_SELF = YES;
				CLANG_WARN_OBJC_LITERAL_CONVERSION = YES;
				CLANG_WARN_OBJC_ROOT_CLASS = YES_ERROR;
				CLANG_WARN_RANGE_LOOP_ANALYSIS = YES;
				CLANG_WARN_STRICT_PROTOTYPES = YES;
				CLANG_WARN_SUSPICIOUS_MOVE = YES;
				CLANG_WARN_UNGUARDED_AVAILABILITY = YES_AGGRESSIVE;
				CLANG_WARN_UNREACHABLE_CODE = YES;
				CLANG_WARN__DUPLICATE_METHOD_MATCH = YES;
				CODE_SIGN_IDENTITY = "iPhone Developer";
				COPY_PHASE_STRIP = NO;
				DEBUG_INFORMATION_FORMAT = dwarf;
				ENABLE_STRICT_OBJC_MSGSEND = YES;
				ENABLE_TESTABILITY = YES;
				GCC_C_LANGUAGE_STANDARD = gnu11;
				GCC_DYNAMIC_NO_PIC = NO;
				GCC_NO_COMMON_BLOCKS = YES;
				GCC_OPTIMIZATION_LEVEL = 0;
				GCC_PREPROCESSOR_DEFINITIONS = (
					"DEBUG=1",
					"$(inherited)",
				);
				GCC_WARN_64_TO_32_BIT_CONVERSION = YES;
				GCC_WARN_ABOUT_RETURN_TYPE = YES_ERROR;
				GCC_WARN_UNDECLARED_SELECTOR = YES;
				GCC_WARN_UNINITIALIZED_AUTOS = YES_AGGRESSIVE;
				GCC_WARN_UNUSED_FUNCTION = YES;
				GCC_WARN_UNUSED_VARIABLE = YES;
				IPHONEOS_DEPLOYMENT_TARGET = 11.4;
				MTL_ENABLE_DEBUG_INFO = YES;
				ONLY_ACTIVE_ARCH = YES;
				SDKROOT = iphoneos;
			};
			name = Debug;
		};
		4C74BC40210FFBBD00BD73A4 /* Release */ = {
			isa = XCBuildConfiguration;
			buildSettings = {
				ALWAYS_SEARCH_USER_PATHS = NO;
				CLANG_ANALYZER_NONNULL = YES;
				CLANG_ANALYZER_NUMBER_OBJECT_CONVERSION = YES_AGGRESSIVE;
				CLANG_CXX_LANGUAGE_STANDARD = "gnu++14";
				CLANG_CXX_LIBRARY = "libc++";
				CLANG_ENABLE_MODULES = YES;
				CLANG_ENABLE_OBJC_ARC = YES;
				CLANG_ENABLE_OBJC_WEAK = YES;
				CLANG_WARN_BLOCK_CAPTURE_AUTORELEASING = YES;
				CLANG_WARN_BOOL_CONVERSION = YES;
				CLANG_WARN_COMMA = YES;
				CLANG_WARN_CONSTANT_CONVERSION = YES;
				CLANG_WARN_DEPRECATED_OBJC_IMPLEMENTATIONS = YES;
				CLANG_WARN_DIRECT_OBJC_ISA_USAGE = YES_ERROR;
				CLANG_WARN_DOCUMENTATION_COMMENTS = YES;
				CLANG_WARN_EMPTY_BODY = YES;
				CLANG_WARN_ENUM_CONVERSION = YES;
				CLANG_WARN_INFINITE_RECURSION = YES;
				CLANG_WARN_INT_CONVERSION = YES;
				CLANG_WARN_NON_LITERAL_NULL_CONVERSION = YES;
				CLANG_WARN_OBJC_IMPLICIT_RETAIN_SELF = YES;
				CLANG_WARN_OBJC_LITERAL_CONVERSION = YES;
				CLANG_WARN_OBJC_ROOT_CLASS = YES_ERROR;
				CLANG_WARN_RANGE_LOOP_ANALYSIS = YES;
				CLANG_WARN_STRICT_PROTOTYPES = YES;
				CLANG_WARN_SUSPICIOUS_MOVE = YES;
				CLANG_WARN_UNGUARDED_AVAILABILITY = YES_AGGRESSIVE;
				CLANG_WARN_UNREACHABLE_CODE = YES;
				CLANG_WARN__DUPLICATE_METHOD_MATCH = YES;
				CODE_SIGN_IDENTITY = "iPhone Developer";
				COPY_PHASE_STRIP = NO;
				DEBUG_INFORMATION_FORMAT = "dwarf-with-dsym";
				ENABLE_NS_ASSERTIONS = NO;
				ENABLE_STRICT_OBJC_MSGSEND = YES;
				GCC_C_LANGUAGE_STANDARD = gnu11;
				GCC_NO_COMMON_BLOCKS = YES;
				GCC_WARN_64_TO_32_BIT_CONVERSION = YES;
				GCC_WARN_ABOUT_RETURN_TYPE = YES_ERROR;
				GCC_WARN_UNDECLARED_SELECTOR = YES;
				GCC_WARN_UNINITIALIZED_AUTOS = YES_AGGRESSIVE;
				GCC_WARN_UNUSED_FUNCTION = YES;
				GCC_WARN_UNUSED_VARIABLE = YES;
				IPHONEOS_DEPLOYMENT_TARGET = 11.4;
				MTL_ENABLE_DEBUG_INFO = NO;
				SDKROOT = iphoneos;
				VALIDATE_PRODUCT = YES;
			};
			name = Release;
		};
		4C74BC42210FFBBD00BD73A4 /* Debug */ = {
			isa = XCBuildConfiguration;
			buildSettings = {
				ASSETCATALOG_COMPILER_APPICON_NAME = AppIcon;
				CODE_SIGN_STYLE = Automatic;
				DEVELOPMENT_TEAM = Q27UDV8F4H;
				INFOPLIST_FILE = AudioLooperDemo/Info.plist;
				IPHONEOS_DEPLOYMENT_TARGET = 8.0;
				LD_RUNPATH_SEARCH_PATHS = (
					"$(inherited)",
					"@executable_path/Frameworks",
				);
				PRODUCT_BUNDLE_IDENTIFIER = com.kangarootec.AudioLooperDemo;
				PRODUCT_NAME = "$(TARGET_NAME)";
				TARGETED_DEVICE_FAMILY = "1,2";
			};
			name = Debug;
		};
		4C74BC43210FFBBD00BD73A4 /* Release */ = {
			isa = XCBuildConfiguration;
			buildSettings = {
				ASSETCATALOG_COMPILER_APPICON_NAME = AppIcon;
				CODE_SIGN_STYLE = Automatic;
				DEVELOPMENT_TEAM = Q27UDV8F4H;
				INFOPLIST_FILE = AudioLooperDemo/Info.plist;
				IPHONEOS_DEPLOYMENT_TARGET = 8.0;
				LD_RUNPATH_SEARCH_PATHS = (
					"$(inherited)",
					"@executable_path/Frameworks",
				);
				PRODUCT_BUNDLE_IDENTIFIER = com.kangarootec.AudioLooperDemo;
				PRODUCT_NAME = "$(TARGET_NAME)";
				TARGETED_DEVICE_FAMILY = "1,2";
			};
			name = Release;
		};
		4C74BC45210FFBBD00BD73A4 /* Debug */ = {
			isa = XCBuildConfiguration;
			buildSettings = {
				BUNDLE_LOADER = "$(TEST_HOST)";
				CODE_SIGN_STYLE = Automatic;
				DEVELOPMENT_TEAM = Q27UDV8F4H;
				INFOPLIST_FILE = AudioLooperDemoTests/Info.plist;
				LD_RUNPATH_SEARCH_PATHS = (
					"$(inherited)",
					"@executable_path/Frameworks",
					"@loader_path/Frameworks",
				);
				PRODUCT_BUNDLE_IDENTIFIER = com.kangarootec.AudioLooperDemoTests;
				PRODUCT_NAME = "$(TARGET_NAME)";
				TARGETED_DEVICE_FAMILY = "1,2";
				TEST_HOST = "$(BUILT_PRODUCTS_DIR)/AudioLooperDemo.app/AudioLooperDemo";
			};
			name = Debug;
		};
		4C74BC46210FFBBD00BD73A4 /* Release */ = {
			isa = XCBuildConfiguration;
			buildSettings = {
				BUNDLE_LOADER = "$(TEST_HOST)";
				CODE_SIGN_STYLE = Automatic;
				DEVELOPMENT_TEAM = Q27UDV8F4H;
				INFOPLIST_FILE = AudioLooperDemoTests/Info.plist;
				LD_RUNPATH_SEARCH_PATHS = (
					"$(inherited)",
					"@executable_path/Frameworks",
					"@loader_path/Frameworks",
				);
				PRODUCT_BUNDLE_IDENTIFIER = com.kangarootec.AudioLooperDemoTests;
				PRODUCT_NAME = "$(TARGET_NAME)";
				TARGETED_DEVICE_FAMILY = "1,2";
				TEST_HOST = "$(BUILT_PRODUCTS_DIR)/AudioLooperDemo.app/AudioLooperDemo";
			};
			name = Release;
		};
		4C74BC48210FFBBD00BD73A4 /* Debug */ = {
			isa = XCBuildConfiguration;
			buildSettings = {
				CODE_SIGN_STYLE = Automatic;
				DEVELOPMENT_TEAM = Q27UDV8F4H;
				INFOPLIST_FILE = AudioLooperDemoUITests/Info.plist;
				LD_RUNPATH_SEARCH_PATHS = (
					"$(inherited)",
					"@executable_path/Frameworks",
					"@loader_path/Frameworks",
				);
				PRODUCT_BUNDLE_IDENTIFIER = com.kangarootec.AudioLooperDemoUITests;
				PRODUCT_NAME = "$(TARGET_NAME)";
				TARGETED_DEVICE_FAMILY = "1,2";
				TEST_TARGET_NAME = AudioLooperDemo;
			};
			name = Debug;
		};
		4C74BC49210FFBBD00BD73A4 /* Release */ = {
			isa = XCBuildConfiguration;
			buildSettings = {
				CODE_SIGN_STYLE = Automatic;
				DEVELOPMENT_TEAM = Q27UDV8F4H;
				INFOPLIST_FILE = AudioLooperDemoUITests/Info.plist;
				LD_RUNPATH_SEARCH_PATHS = (
					"$(inherited)",
					"@executable_path/Frameworks",
					"@loader_path/Frameworks",
				);
				PRODUCT_BUNDLE_IDENTIFIER = com.kangarootec.AudioLooperDemoUITests;
				PRODUCT_NAME = "$(TARGET_NAME)";
				TARGETED_DEVICE_FAMILY = "1,2";
				TEST_TARGET_NAME = AudioLooperDemo;
			};
			name = Release;
		};
/* End XCBuildConfiguration section */

/* Begin XCConfigurationList section */
		4C74BC10210FFBBB00BD73A4 /* Build configuration list for PBXProject "AudioLooperDemo" */ = {
			isa = XCConfigurationList;
			buildConfigurations = (
				4C74BC3F210FFBBD00BD73A4 /* Debug */,
				4C74BC40210FFBBD00BD73A4 /* Release */,
			);
			defaultConfigurationIsVisible = 0;
			defaultConfigurationName = Release;
		};
		4C74BC41210FFBBD00BD73A4 /* Build configuration list for PBXNativeTarget "AudioLooperDemo" */ = {
			isa = XCConfigurationList;
			buildConfigurations = (
				4C74BC42210FFBBD00BD73A4 /* Debug */,
				4C74BC43210FFBBD00BD73A4 /* Release */,
			);
			defaultConfigurationIsVisible = 0;
			defaultConfigurationName = Release;
		};
		4C74BC44210FFBBD00BD73A4 /* Build configuration list for PBXNativeTarget "AudioLooperDemoTests" */ = {
			isa = XCConfigurationList;
			buildConfigurations = (
				4C74BC45210FFBBD00BD73A4 /* Debug */,
				4C74BC46210FFBBD00BD73A4 /* Release */,
			);
			defaultConfigurationIsVisible = 0;
			defaultConfigurationName = Release;
		};
		4C74BC47210FFBBD00BD73A4 /* Build configuration list for PBXNativeTarget "AudioLooperDemoUITests" */ = {
			isa = XCConfigurationList;
			buildConfigurations = (
				4C74BC48210FFBBD00BD73A4 /* Debug */,
				4C74BC49210FFBBD00BD73A4 /* Release */,
			);
			defaultConfigurationIsVisible = 0;
			defaultConfigurationName = Release;
		};
/* End XCConfigurationList section */
	};
	rootObject = 4C74BC0D210FFBBB00BD73A4 /* Project object */;
}
